
Microsoft Visual Studio Solution File, Format Version 12.00
# Visual Studio 15
VisualStudioVersion = 15.0.28307.705
MinimumVisualStudioVersion = 10.0.40219.1
Project("{FAE04EC0-301F-11D3-BF4B-00C04F79EFBC}") = "SayHello", "SayHello\SayHello.csproj", "{DE9636D4-83EE-4551-8C2D-2EED760E991B}"
EndProject
Global
	GlobalSection(SolutionConfigurationPlatforms) = preSolution
		Debug|Any CPU = Debug|Any CPU
		Release|Any CPU = Release|Any CPU
	EndGlobalSection
	GlobalSection(ProjectConfigurationPlatforms) = postSolution
		{DE9636D4-83EE-4551-8C2D-2EED760E991B}.Debug|Any CPU.ActiveCfg = Debug|Any CPU
		{DE9636D4-83EE-4551-8C2D-2EED760E991B}.Debug|Any CPU.Build.0 = Debug|Any CPU
		{DE9636D4-83EE-4551-8C2D-2EED760E991B}.Release|Any CPU.ActiveCfg = Release|Any CPU
		{DE9636D4-83EE-4551-8C2D-2EED760E991B}.Release|Any CPU.Build.0 = Release|Any CPU
	EndGlobalSection
	GlobalSection(SolutionProperties) = preSolution
		HideSolutionNode = FALSE
	EndGlobalSection
	GlobalSection(ExtensibilityGlobals) = postSolution
		SolutionGuid = {32BC0399-3710-47E5-95C4-27E44D4A0D95}
	EndGlobalSection
EndGlobal
